<?xml version="1.0" encoding="utf-8"?>
<Project ToolsVersion="4.0" xmlns="http://schemas.microsoft.com/developer/msbuild/2003">
  <ItemGroup>
    <Filter Include="Source Files">
      <UniqueIdentifier>{4FC737F1-C7A5-4376-A066-2A32D752A2FF}</UniqueIdentifier>
      <Extensions>cpp;c;cc;cxx;def;odl;idl;hpj;bat;asm;asmx</Extensions>
    </Filter>
    <Filter Include="Header Files">
      <UniqueIdentifier>{93995380-89BD-4b04-88EB-625FBE52EBFB}</UniqueIdentifier>
      <Extensions>h;hh;hpp;hxx;hm;inl;inc;ipp;xsd</Extensions>
    </Filter>
    <Filter Include="Resource Files">
      <UniqueIdentifier>{67DA6AB6-F800-4c08-8B7A-83BB121AAD01}</UniqueIdentifier>
      <Extensions>rc;ico;cur;bmp;dlg;rc2;rct;bin;rgs;gif;jpg;jpeg;jpe;resx;tiff;tif;png;wav;mfcribbon-ms</Extensions>
    </Filter>
    <Filter Include="Header Files\Team Classifiers">
      <UniqueIdentifier>{b25ccaae-83c5-4dff-9203-52c722297ea0}</UniqueIdentifier>
    </Filter>
    <Filter Include="Source Files\Team Classifiers">
      <UniqueIdentifier>{759747c2-6796-4c09-9d1f-94875e0fb196}</UniqueIdentifier>
    </Filter>
  </ItemGroup>
  <ItemGroup>
    <ClCompile Include="MatQueue.cpp">
      <Filter>Source Files</Filter>
    </ClCompile>
    <ClCompile Include="ObjectDetector.cpp">
      <Filter>Source Files</Filter>
    </ClCompile>
    <ClCompile Include="VProcessor.cpp">
      <Filter>Source Files</Filter>
    </ClCompile>
    <ClCompile Include="VReader.cpp">
      <Filter>Source Files</Filter>
    </ClCompile>
    <ClCompile Include="VWriter.cpp">
      <Filter>Source Files</Filter>
    </ClCompile>
    <ClCompile Include="YOLO.cpp">
      <Filter>Source Files</Filter>
    </ClCompile>
    <ClCompile Include="TeamClassifiers\TeamClassifierFactory.cpp">
      <Filter>Source Files\Team Classifiers</Filter>
    </ClCompile>
    <ClCompile Include="TeamClassifiers\TeamClassifier.cpp">
      <Filter>Source Files\Team Classifiers</Filter>
    </ClCompile>
    <ClCompile Include="TeamClassifiers\Common.cpp">
      <Filter>Source Files\Team Classifiers</Filter>
    </ClCompile>
  </ItemGroup>
  <ItemGroup>
    <ClInclude Include="MatQueue.h">
      <Filter>Header Files</Filter>
    </ClInclude>
    <ClInclude Include="ObjectDetector.h">
      <Filter>Header Files</Filter>
    </ClInclude>
    <ClInclude Include="VProcessor.h">
      <Filter>Header Files</Filter>
    </ClInclude>
    <ClInclude Include="VReader.h">
      <Filter>Header Files</Filter>
    </ClInclude>
    <ClInclude Include="VWriter.h">
      <Filter>Header Files</Filter>
    </ClInclude>
    <ClInclude Include="TeamClassifiers\Common.h">
      <Filter>Header Files\Team Classifiers</Filter>
    </ClInclude>
    <ClInclude Include="TeamClassifiers\DummyTeamClassifier.h">
      <Filter>Header Files\Team Classifiers</Filter>
    </ClInclude>
    <ClInclude Include="TeamClassifiers\ITeamClassifier.h">
      <Filter>Header Files\Team Classifiers</Filter>
    </ClInclude>
    <ClInclude Include="TeamClassifiers\TeamClassifier.h">
      <Filter>Header Files\Team Classifiers</Filter>
    </ClInclude>
    <ClInclude Include="TeamClassifiers\TeamClassifierFactory.h">
      <Filter>Header Files\Team Classifiers</Filter>
    </ClInclude>
  </ItemGroup>
</Project>